
Microsoft Visual Studio Solution File, Format Version 12.00
# Visual Studio Version 16
VisualStudioVersion = 16.0.30709.132
MinimumVisualStudioVersion = 10.0.40219.1
Project("{9A19103F-16F7-4668-BE54-9A1E7A4F7556}") = "DesafioRueda", "DesafioRueda.csproj", "{8F699EC4-F28F-43CA-8CE2-FD22FE049F3F}"
EndProject
Global
	GlobalSection(SolutionConfigurationPlatforms) = preSolution
		Debug|Any CPU = Debug|Any CPU
		Release|Any CPU = Release|Any CPU
	EndGlobalSection
	GlobalSection(ProjectConfigurationPlatforms) = postSolution
		{8F699EC4-F28F-43CA-8CE2-FD22FE049F3F}.Debug|Any CPU.ActiveCfg = Debug|Any CPU
		{8F699EC4-F28F-43CA-8CE2-FD22FE049F3F}.Debug|Any CPU.Build.0 = Debug|Any CPU
		{8F699EC4-F28F-43CA-8CE2-FD22FE049F3F}.Release|Any CPU.ActiveCfg = Release|Any CPU
		{8F699EC4-F28F-43CA-8CE2-FD22FE049F3F}.Release|Any CPU.Build.0 = Release|Any CPU
	EndGlobalSection
	GlobalSection(SolutionProperties) = preSolution
		HideSolutionNode = FALSE
	EndGlobalSection
	GlobalSection(ExtensibilityGlobals) = postSolution
		SolutionGuid = {D991985A-D971-4F4A-B9A3-14CFD87672D0}
	EndGlobalSection
EndGlobal
